
Microsoft Visual Studio Solution File, Format Version 12.00
# Visual Studio Version 17
VisualStudioVersion = 17.8.34330.188
MinimumVisualStudioVersion = 10.0.40219.1
Project("{FAE04EC0-301F-11D3-BF4B-00C04F79EFBC}") = "ServerSuly", "ServerSuly.csproj", "{EF1F9D4F-FF84-4552-9B5F-1022EF2F7115}"
EndProject
Global
	GlobalSection(SolutionConfigurationPlatforms) = preSolution
		Debug|Any CPU = Debug|Any CPU
		Release|Any CPU = Release|Any CPU
	EndGlobalSection
	GlobalSection(ProjectConfigurationPlatforms) = postSolution
		{EF1F9D4F-FF84-4552-9B5F-1022EF2F7115}.Debug|Any CPU.ActiveCfg = Debug|Any CPU
		{EF1F9D4F-FF84-4552-9B5F-1022EF2F7115}.Debug|Any CPU.Build.0 = Debug|Any CPU
		{EF1F9D4F-FF84-4552-9B5F-1022EF2F7115}.Release|Any CPU.ActiveCfg = Release|Any CPU
		{EF1F9D4F-FF84-4552-9B5F-1022EF2F7115}.Release|Any CPU.Build.0 = Release|Any CPU
	EndGlobalSection
	GlobalSection(SolutionProperties) = preSolution
		HideSolutionNode = FALSE
	EndGlobalSection
	GlobalSection(ExtensibilityGlobals) = postSolution
		SolutionGuid = {85D119DC-E120-408C-A9AE-DFBC472E8E9F}
	EndGlobalSection
EndGlobal
